
Microsoft Visual Studio Solution File, Format Version 12.00
# Visual Studio Version 17
VisualStudioVersion = 17.7.34024.191
MinimumVisualStudioVersion = 10.0.40219.1
Project("{FAE04EC0-301F-11D3-BF4B-00C04F79EFBC}") = "ATOM.API", "ATOM.API\ATOM.API.csproj", "{C8BBF1A9-358D-4C0B-A713-49EFAF1E35D3}"
EndProject
Project("{FAE04EC0-301F-11D3-BF4B-00C04F79EFBC}") = "ATOM.Core", "ATOM.CORE\ATOM.Core.csproj", "{BA1D176C-7289-40CF-98A8-D7F8AC146214}"
EndProject
Project("{FAE04EC0-301F-11D3-BF4B-00C04F79EFBC}") = "ATOM.Repository", "ATOM.Repository\ATOM.Repository.csproj", "{9960FE2D-24B5-4422-AE8C-4EE840DAE19A}"
EndProject
Project("{FAE04EC0-301F-11D3-BF4B-00C04F79EFBC}") = "ATOM.Service", "ATOM.Service\ATOM.Service.csproj", "{04148758-63D1-470A-B1F8-16C5497ECD40}"
EndProject
Global
	GlobalSection(SolutionConfigurationPlatforms) = preSolution
		Debug|Any CPU = Debug|Any CPU
		Release|Any CPU = Release|Any CPU
	EndGlobalSection
	GlobalSection(ProjectConfigurationPlatforms) = postSolution
		{C8BBF1A9-358D-4C0B-A713-49EFAF1E35D3}.Debug|Any CPU.ActiveCfg = Debug|Any CPU
		{C8BBF1A9-358D-4C0B-A713-49EFAF1E35D3}.Debug|Any CPU.Build.0 = Debug|Any CPU
		{C8BBF1A9-358D-4C0B-A713-49EFAF1E35D3}.Release|Any CPU.ActiveCfg = Release|Any CPU
		{C8BBF1A9-358D-4C0B-A713-49EFAF1E35D3}.Release|Any CPU.Build.0 = Release|Any CPU
		{BA1D176C-7289-40CF-98A8-D7F8AC146214}.Debug|Any CPU.ActiveCfg = Debug|Any CPU
		{BA1D176C-7289-40CF-98A8-D7F8AC146214}.Debug|Any CPU.Build.0 = Debug|Any CPU
		{BA1D176C-7289-40CF-98A8-D7F8AC146214}.Release|Any CPU.ActiveCfg = Release|Any CPU
		{BA1D176C-7289-40CF-98A8-D7F8AC146214}.Release|Any CPU.Build.0 = Release|Any CPU
		{9960FE2D-24B5-4422-AE8C-4EE840DAE19A}.Debug|Any CPU.ActiveCfg = Debug|Any CPU
		{9960FE2D-24B5-4422-AE8C-4EE840DAE19A}.Debug|Any CPU.Build.0 = Debug|Any CPU
		{9960FE2D-24B5-4422-AE8C-4EE840DAE19A}.Release|Any CPU.ActiveCfg = Release|Any CPU
		{9960FE2D-24B5-4422-AE8C-4EE840DAE19A}.Release|Any CPU.Build.0 = Release|Any CPU
		{04148758-63D1-470A-B1F8-16C5497ECD40}.Debug|Any CPU.ActiveCfg = Debug|Any CPU
		{04148758-63D1-470A-B1F8-16C5497ECD40}.Debug|Any CPU.Build.0 = Debug|Any CPU
		{04148758-63D1-470A-B1F8-16C5497ECD40}.Release|Any CPU.ActiveCfg = Release|Any CPU
		{04148758-63D1-470A-B1F8-16C5497ECD40}.Release|Any CPU.Build.0 = Release|Any CPU
	EndGlobalSection
	GlobalSection(SolutionProperties) = preSolution
		HideSolutionNode = FALSE
	EndGlobalSection
	GlobalSection(ExtensibilityGlobals) = postSolution
		SolutionGuid = {D63812D8-A3D4-4512-A65E-952E038D2ABB}
	EndGlobalSection
EndGlobal
